# This file is automatically @generated by Cargo.
# It is not intended for manual editing.
version = 4

[[package]]
name = "PhySim"
version = "0.1.0"
dependencies = [
 "aid",
 "build-target",
 "libc",
 "raylib",
]

[[package]]
name = "aid"
version = "0.1.0"

[[package]]
name = "build-target"
version = "0.4.0"
source = "registry+https://github.com/rust-lang/crates.io-index"
checksum = "832133bbabbbaa9fbdba793456a2827627a7d2b8fb96032fa1e7666d7895832b"

[[package]]
name = "libc"
version = "0.1.0"

[[package]]
name = "raylib"
version = "0.1.0"
dependencies = [
 "build-target",
]
